<?xml version="1.0" encoding="utf-8"?>
<Project ToolsVersion="4.0" xmlns="http://schemas.microsoft.com/developer/msbuild/2003">
  <ItemGroup>
    <Filter Include="Исходные файлы">
      <UniqueIdentifier>{4FC737F1-C7A5-4376-A066-2A32D752A2FF}</UniqueIdentifier>
      <Extensions>cpp;c;cc;cxx;def;odl;idl;hpj;bat;asm;asmx</Extensions>
    </Filter>
    <Filter Include="Файлы заголовков">
      <UniqueIdentifier>{93995380-89BD-4b04-88EB-625FBE52EBFB}</UniqueIdentifier>
      <Extensions>h;hh;hpp;hxx;hm;inl;inc;ipp;xsd</Extensions>
    </Filter>
    <Filter Include="Файлы ресурсов">
      <UniqueIdentifier>{67DA6AB6-F800-4c08-8B7A-83BB121AAD01}</UniqueIdentifier>
      <Extensions>rc;ico;cur;bmp;dlg;rc2;rct;bin;rgs;gif;jpg;jpeg;jpe;resx;tiff;tif;png;wav;mfcribbon-ms</Extensions>
    </Filter>
    <Filter Include="Исходные файлы\editor">
      <UniqueIdentifier>{c33fa1dc-b73c-4d1e-adc7-e1eb7a4832a3}</UniqueIdentifier>
    </Filter>
    <Filter Include="Исходные файлы\winlib">
      <UniqueIdentifier>{effb7673-c652-4104-9b15-2732b50e7da3}</UniqueIdentifier>
    </Filter>
  </ItemGroup>
  <ItemGroup>
    <ClCompile Include="main.cpp">
      <Filter>Исходные файлы</Filter>
    </ClCompile>
    <ClCompile Include="editor\editor.cpp">
      <Filter>Исходные файлы</Filter>
    </ClCompile>
    <ClCompile Include="winlib\winlib_menu.cpp">
      <Filter>Исходные файлы</Filter>
    </ClCompile>
    <ClCompile Include="winlib\winlib_rect.cpp">
      <Filter>Исходные файлы</Filter>
    </ClCompile>
    <ClCompile Include="winlib\winlib_statusbar.cpp">
      <Filter>Исходные файлы</Filter>
    </ClCompile>
    <ClCompile Include="winlib\winlib_image.cpp">
      <Filter>Исходные файлы</Filter>
    </ClCompile>
    <ClCompile Include="winlib\winlib_table_collumn.cpp">
      <Filter>Исходные файлы</Filter>
    </ClCompile>
    <ClCompile Include="winlib\winlib_table.cpp">
      <Filter>Исходные файлы</Filter>
    </ClCompile>
    <ClCompile Include="winlib\winlib_table_item.cpp">
      <Filter>Исходные файлы</Filter>
    </ClCompile>
    <ClCompile Include="winlib\winlib_table_row.cpp">
      <Filter>Исходные файлы</Filter>
    </ClCompile>
    <ClCompile Include="winlib\winlib_file.cpp">
      <Filter>Исходные файлы</Filter>
    </ClCompile>
    <ClCompile Include="winlib\winlib_utils.cpp">
      <Filter>Исходные файлы</Filter>
    </ClCompile>
    <ClCompile Include="winlib\winlib_csv.cpp">
      <Filter>Исходные файлы</Filter>
    </ClCompile>
  </ItemGroup>
  <ItemGroup>
    <ClInclude Include="editor\editor.h">
      <Filter>Исходные файлы\editor</Filter>
    </ClInclude>
    <ClInclude Include="winlib\winlib_main.h">
      <Filter>Исходные файлы\winlib</Filter>
    </ClInclude>
    <ClInclude Include="winlib\winlib_rect.h">
      <Filter>Исходные файлы\winlib</Filter>
    </ClInclude>
    <ClInclude Include="winlib\winlib.h">
      <Filter>Исходные файлы\winlib</Filter>
    </ClInclude>
    <ClInclude Include="winlib\winlib_event.h">
      <Filter>Исходные файлы\winlib</Filter>
    </ClInclude>
    <ClInclude Include="winlib\winlib_menu.h">
      <Filter>Исходные файлы\winlib</Filter>
    </ClInclude>
    <ClInclude Include="winlib\winlib_statusbar.h">
      <Filter>Исходные файлы\winlib</Filter>
    </ClInclude>
    <ClInclude Include="winlib\winlib_image.h">
      <Filter>Исходные файлы\winlib</Filter>
    </ClInclude>
    <ClInclude Include="winlib\winlib_table.h">
      <Filter>Исходные файлы\winlib</Filter>
    </ClInclude>
    <ClInclude Include="winlib\winlib_table_collumn.h">
      <Filter>Исходные файлы\winlib</Filter>
    </ClInclude>
    <ClInclude Include="winlib\winlib_table_row.h">
      <Filter>Исходные файлы\winlib</Filter>
    </ClInclude>
    <ClInclude Include="winlib\winlib_table_item.h">
      <Filter>Исходные файлы\winlib</Filter>
    </ClInclude>
    <ClInclude Include="winlib\winlib_file.h">
      <Filter>Исходные файлы\winlib</Filter>
    </ClInclude>
    <ClInclude Include="winlib\winlib_utils.h">
      <Filter>Исходные файлы\winlib</Filter>
    </ClInclude>
    <ClInclude Include="winlib\winlib_csv.h">
      <Filter>Исходные файлы\winlib</Filter>
    </ClInclude>
  </ItemGroup>
</Project>